
Microsoft Visual Studio Solution File, Format Version 12.00
# Visual Studio Version 16
VisualStudioVersion = 16.0.32228.343
MinimumVisualStudioVersion = 10.0.40219.1
Project("{9A19103F-16F7-4668-BE54-9A1E7A4F7556}") = "Entidades", "Entidades\Entidades.csproj", "{D3ADF364-6D6A-44C2-8509-658A1C0424A2}"
EndProject
Project("{FAE04EC0-301F-11D3-BF4B-00C04F79EFBC}") = "MiCalculadora", "MiCalculadora\MiCalculadora.csproj", "{80499C13-BD6B-47A1-AD82-5BAE3682C071}"
EndProject
Global
	GlobalSection(SolutionConfigurationPlatforms) = preSolution
		Debug|Any CPU = Debug|Any CPU
		Release|Any CPU = Release|Any CPU
	EndGlobalSection
	GlobalSection(ProjectConfigurationPlatforms) = postSolution
		{D3ADF364-6D6A-44C2-8509-658A1C0424A2}.Debug|Any CPU.ActiveCfg = Debug|Any CPU
		{D3ADF364-6D6A-44C2-8509-658A1C0424A2}.Debug|Any CPU.Build.0 = Debug|Any CPU
		{D3ADF364-6D6A-44C2-8509-658A1C0424A2}.Release|Any CPU.ActiveCfg = Release|Any CPU
		{D3ADF364-6D6A-44C2-8509-658A1C0424A2}.Release|Any CPU.Build.0 = Release|Any CPU
		{80499C13-BD6B-47A1-AD82-5BAE3682C071}.Debug|Any CPU.ActiveCfg = Debug|Any CPU
		{80499C13-BD6B-47A1-AD82-5BAE3682C071}.Debug|Any CPU.Build.0 = Debug|Any CPU
		{80499C13-BD6B-47A1-AD82-5BAE3682C071}.Release|Any CPU.ActiveCfg = Release|Any CPU
		{80499C13-BD6B-47A1-AD82-5BAE3682C071}.Release|Any CPU.Build.0 = Release|Any CPU
	EndGlobalSection
	GlobalSection(SolutionProperties) = preSolution
		HideSolutionNode = FALSE
	EndGlobalSection
	GlobalSection(ExtensibilityGlobals) = postSolution
		SolutionGuid = {0B00D88A-5A99-4FC2-915B-5F94F4179C8D}
	EndGlobalSection
EndGlobal
